
Microsoft Visual Studio Solution File, Format Version 12.00
# Visual Studio Version 17
VisualStudioVersion = 17.2.32630.192
MinimumVisualStudioVersion = 10.0.40219.1
Project("{9A19103F-16F7-4668-BE54-9A1E7A4F7556}") = "NotepadBasedCalculator.Core", "dev\NotepadBasedCalculator.Core\NotepadBasedCalculator.Core.csproj", "{533D69F9-1F94-4367-877F-EBE53FDF60EC}"
EndProject
Global
	GlobalSection(SolutionConfigurationPlatforms) = preSolution
		Debug|Any CPU = Debug|Any CPU
		Release|Any CPU = Release|Any CPU
	EndGlobalSection
	GlobalSection(ProjectConfigurationPlatforms) = postSolution
		{533D69F9-1F94-4367-877F-EBE53FDF60EC}.Debug|Any CPU.ActiveCfg = Debug|Any CPU
		{533D69F9-1F94-4367-877F-EBE53FDF60EC}.Debug|Any CPU.Build.0 = Debug|Any CPU
		{533D69F9-1F94-4367-877F-EBE53FDF60EC}.Release|Any CPU.ActiveCfg = Release|anycpu
		{533D69F9-1F94-4367-877F-EBE53FDF60EC}.Release|Any CPU.Build.0 = Release|anycpu
	EndGlobalSection
	GlobalSection(SolutionProperties) = preSolution
		HideSolutionNode = FALSE
	EndGlobalSection
	GlobalSection(ExtensibilityGlobals) = postSolution
		SolutionGuid = {BCA00D25-9E3C-482D-8D6C-5A93A12A7232}
	EndGlobalSection
EndGlobal
