
Microsoft Visual Studio Solution File, Format Version 12.00
# Visual Studio Version 17
VisualStudioVersion = 17.2.32630.192
MinimumVisualStudioVersion = 10.0.40219.1
Project("{9A19103F-16F7-4668-BE54-9A1E7A4F7556}") = "NotepadBasedCalculator.Core", "app\dev\NotepadBasedCalculator.Core\NotepadBasedCalculator.Core.csproj", "{533D69F9-1F94-4367-877F-EBE53FDF60EC}"
EndProject
Project("{2150E333-8FDC-42A3-9474-1A3956D46DE8}") = "dev", "dev", "{AA55FAFF-4F97-4251-906F-32984538E57C}"
	ProjectSection(SolutionItems) = preProject
		app\dev\Directory.Build.props = app\dev\Directory.Build.props
		app\dev\Directory.Build.targets = app\dev\Directory.Build.targets
	EndProjectSection
EndProject
Project("{2150E333-8FDC-42A3-9474-1A3956D46DE8}") = "tests", "tests", "{9A0C5D13-735C-4552-9E60-E7636AFDB476}"
EndProject
Project("{9A19103F-16F7-4668-BE54-9A1E7A4F7556}") = "NotepadBasedCalculator.Core.Tests", "app\tests\NotepadBasedCalculator.Core.Tests\NotepadBasedCalculator.Core.Tests.csproj", "{0E5EAA59-F0E5-4A41-B9B3-0EBF4E288AF1}"
EndProject
Project("{2150E333-8FDC-42A3-9474-1A3956D46DE8}") = "Solution Items", "Solution Items", "{5D3826F6-5EB5-4B9F-88FF-F97459C1F423}"
	ProjectSection(SolutionItems) = preProject
		.editorconfig = .editorconfig
		Directory.Build.props = Directory.Build.props
		Directory.Packages.props = Directory.Packages.props
		Environment.props = Environment.props
	EndProjectSection
EndProject
Project("{2150E333-8FDC-42A3-9474-1A3956D46DE8}") = "shared", "shared", "{FB794DB5-5335-4441-ACE7-8621020F7B19}"
	ProjectSection(SolutionItems) = preProject
		app\dev\shared\GlobalUsings.cs = app\dev\shared\GlobalUsings.cs
		app\dev\shared\SharedAssemblyInfo.cs = app\dev\shared\SharedAssemblyInfo.cs
		app\dev\shared\SharedAssemblyVersion.cs = app\dev\shared\SharedAssemblyVersion.cs
	EndProjectSection
EndProject
Project("{9A19103F-16F7-4668-BE54-9A1E7A4F7556}") = "NotepadBasedCalculator.Api", "app\dev\NotepadBasedCalculator.Api\NotepadBasedCalculator.Api.csproj", "{8741C698-2C0C-4825-A953-1467411527A4}"
EndProject
Project("{9A19103F-16F7-4668-BE54-9A1E7A4F7556}") = "NotepadBasedCalculator.BuiltInPlugins", "app\dev\NotepadBasedCalculator.BuiltInPlugins\NotepadBasedCalculator.BuiltInPlugins.csproj", "{A4177E56-2ED5-4F38-829D-903204B86730}"
EndProject
Project("{9A19103F-16F7-4668-BE54-9A1E7A4F7556}") = "NotepadBasedCalculator.StandaloneConsoleTestApp", "app\tests\NotepadBasedCalculator.StandaloneConsoleTestApp\NotepadBasedCalculator.StandaloneConsoleTestApp.csproj", "{E10D42CF-52FF-4D3D-B118-125AC6F97512}"
EndProject
Project("{2150E333-8FDC-42A3-9474-1A3956D46DE8}") = "tools", "tools", "{26522DDE-E6B2-455A-8489-9184C6F7DFAB}"
	ProjectSection(SolutionItems) = preProject
		app\tools\Directory.Build.props = app\tools\Directory.Build.props
	EndProjectSection
EndProject
Project("{9A19103F-16F7-4668-BE54-9A1E7A4F7556}") = "NotepadBasedCalculator.Benchmark", "app\tools\NotepadBasedCalculator.Benchmark\NotepadBasedCalculator.Benchmark.csproj", "{2E081692-6B27-4191-9F8B-32E415D2F011}"
EndProject
Project("{9A19103F-16F7-4668-BE54-9A1E7A4F7556}") = "_build", "build\_build.csproj", "{2D612DDA-9151-4DFC-883F-817907D7D236}"
EndProject
Project("{2150E333-8FDC-42A3-9474-1A3956D46DE8}") = "build", "build", "{2F3BE40A-B981-428C-BF20-3BAFCC9824FE}"
EndProject
Project("{9A19103F-16F7-4668-BE54-9A1E7A4F7556}") = "NotepadBasedCalculator.Desktop", "app\dev\NotepadBasedCalculator.Desktop\NotepadBasedCalculator.Desktop.csproj", "{E14788BF-C7D9-459D-9D2F-A3CA66D6E26E}"
EndProject
Project("{9A19103F-16F7-4668-BE54-9A1E7A4F7556}") = "NotepadBasedCalculator.Desktop.Windows", "app\dev\NotepadBasedCalculator.Desktop.Windows\NotepadBasedCalculator.Desktop.Windows.csproj", "{8E871DEB-9858-4136-8B62-7110740A240E}"
EndProject
Project("{9A19103F-16F7-4668-BE54-9A1E7A4F7556}") = "NotepadBasedCalculator.Desktop.Mac", "app\dev\NotepadBasedCalculator.Desktop.Mac\NotepadBasedCalculator.Desktop.Mac.csproj", "{0A14B46D-D1DC-4A87-A197-7486ED8BEFC9}"
EndProject
Global
	GlobalSection(SolutionConfigurationPlatforms) = preSolution
		Debug|Any CPU = Debug|Any CPU
		Release|Any CPU = Release|Any CPU
	EndGlobalSection
	GlobalSection(ProjectConfigurationPlatforms) = postSolution
		{533D69F9-1F94-4367-877F-EBE53FDF60EC}.Debug|Any CPU.ActiveCfg = Debug|Any CPU
		{533D69F9-1F94-4367-877F-EBE53FDF60EC}.Debug|Any CPU.Build.0 = Debug|Any CPU
		{533D69F9-1F94-4367-877F-EBE53FDF60EC}.Release|Any CPU.ActiveCfg = Release|Any CPU
		{533D69F9-1F94-4367-877F-EBE53FDF60EC}.Release|Any CPU.Build.0 = Release|Any CPU
		{0E5EAA59-F0E5-4A41-B9B3-0EBF4E288AF1}.Debug|Any CPU.ActiveCfg = Debug|Any CPU
		{0E5EAA59-F0E5-4A41-B9B3-0EBF4E288AF1}.Debug|Any CPU.Build.0 = Debug|Any CPU
		{0E5EAA59-F0E5-4A41-B9B3-0EBF4E288AF1}.Release|Any CPU.ActiveCfg = Release|Any CPU
		{0E5EAA59-F0E5-4A41-B9B3-0EBF4E288AF1}.Release|Any CPU.Build.0 = Release|Any CPU
		{8741C698-2C0C-4825-A953-1467411527A4}.Debug|Any CPU.ActiveCfg = Debug|Any CPU
		{8741C698-2C0C-4825-A953-1467411527A4}.Debug|Any CPU.Build.0 = Debug|Any CPU
		{8741C698-2C0C-4825-A953-1467411527A4}.Release|Any CPU.ActiveCfg = Release|Any CPU
		{8741C698-2C0C-4825-A953-1467411527A4}.Release|Any CPU.Build.0 = Release|Any CPU
		{A4177E56-2ED5-4F38-829D-903204B86730}.Debug|Any CPU.ActiveCfg = Debug|Any CPU
		{A4177E56-2ED5-4F38-829D-903204B86730}.Debug|Any CPU.Build.0 = Debug|Any CPU
		{A4177E56-2ED5-4F38-829D-903204B86730}.Release|Any CPU.ActiveCfg = Release|Any CPU
		{A4177E56-2ED5-4F38-829D-903204B86730}.Release|Any CPU.Build.0 = Release|Any CPU
		{E10D42CF-52FF-4D3D-B118-125AC6F97512}.Debug|Any CPU.ActiveCfg = Debug|Any CPU
		{E10D42CF-52FF-4D3D-B118-125AC6F97512}.Debug|Any CPU.Build.0 = Debug|Any CPU
		{E10D42CF-52FF-4D3D-B118-125AC6F97512}.Release|Any CPU.ActiveCfg = Release|Any CPU
		{E10D42CF-52FF-4D3D-B118-125AC6F97512}.Release|Any CPU.Build.0 = Release|Any CPU
		{2E081692-6B27-4191-9F8B-32E415D2F011}.Debug|Any CPU.ActiveCfg = Debug|Any CPU
		{2E081692-6B27-4191-9F8B-32E415D2F011}.Debug|Any CPU.Build.0 = Debug|Any CPU
		{2E081692-6B27-4191-9F8B-32E415D2F011}.Release|Any CPU.ActiveCfg = Release|Any CPU
		{2E081692-6B27-4191-9F8B-32E415D2F011}.Release|Any CPU.Build.0 = Release|Any CPU
		{2D612DDA-9151-4DFC-883F-817907D7D236}.Debug|Any CPU.ActiveCfg = Debug|Any CPU
		{2D612DDA-9151-4DFC-883F-817907D7D236}.Release|Any CPU.ActiveCfg = Release|Any CPU
		{E14788BF-C7D9-459D-9D2F-A3CA66D6E26E}.Debug|Any CPU.ActiveCfg = Debug|Any CPU
		{E14788BF-C7D9-459D-9D2F-A3CA66D6E26E}.Debug|Any CPU.Build.0 = Debug|Any CPU
		{E14788BF-C7D9-459D-9D2F-A3CA66D6E26E}.Release|Any CPU.ActiveCfg = Release|Any CPU
		{E14788BF-C7D9-459D-9D2F-A3CA66D6E26E}.Release|Any CPU.Build.0 = Release|Any CPU
		{8E871DEB-9858-4136-8B62-7110740A240E}.Debug|Any CPU.ActiveCfg = Debug|Any CPU
		{8E871DEB-9858-4136-8B62-7110740A240E}.Debug|Any CPU.Build.0 = Debug|Any CPU
		{8E871DEB-9858-4136-8B62-7110740A240E}.Release|Any CPU.ActiveCfg = Release|Any CPU
		{8E871DEB-9858-4136-8B62-7110740A240E}.Release|Any CPU.Build.0 = Release|Any CPU
		{0A14B46D-D1DC-4A87-A197-7486ED8BEFC9}.Debug|Any CPU.ActiveCfg = Debug|Any CPU
		{0A14B46D-D1DC-4A87-A197-7486ED8BEFC9}.Debug|Any CPU.Build.0 = Debug|Any CPU
		{0A14B46D-D1DC-4A87-A197-7486ED8BEFC9}.Release|Any CPU.ActiveCfg = Release|Any CPU
		{0A14B46D-D1DC-4A87-A197-7486ED8BEFC9}.Release|Any CPU.Build.0 = Release|Any CPU
	EndGlobalSection
	GlobalSection(SolutionProperties) = preSolution
		HideSolutionNode = FALSE
	EndGlobalSection
	GlobalSection(NestedProjects) = preSolution
		{533D69F9-1F94-4367-877F-EBE53FDF60EC} = {AA55FAFF-4F97-4251-906F-32984538E57C}
		{0E5EAA59-F0E5-4A41-B9B3-0EBF4E288AF1} = {9A0C5D13-735C-4552-9E60-E7636AFDB476}
		{FB794DB5-5335-4441-ACE7-8621020F7B19} = {AA55FAFF-4F97-4251-906F-32984538E57C}
		{8741C698-2C0C-4825-A953-1467411527A4} = {AA55FAFF-4F97-4251-906F-32984538E57C}
		{A4177E56-2ED5-4F38-829D-903204B86730} = {AA55FAFF-4F97-4251-906F-32984538E57C}
		{E10D42CF-52FF-4D3D-B118-125AC6F97512} = {9A0C5D13-735C-4552-9E60-E7636AFDB476}
		{2E081692-6B27-4191-9F8B-32E415D2F011} = {26522DDE-E6B2-455A-8489-9184C6F7DFAB}
		{2D612DDA-9151-4DFC-883F-817907D7D236} = {2F3BE40A-B981-428C-BF20-3BAFCC9824FE}
		{E14788BF-C7D9-459D-9D2F-A3CA66D6E26E} = {AA55FAFF-4F97-4251-906F-32984538E57C}
		{8E871DEB-9858-4136-8B62-7110740A240E} = {AA55FAFF-4F97-4251-906F-32984538E57C}
		{0A14B46D-D1DC-4A87-A197-7486ED8BEFC9} = {AA55FAFF-4F97-4251-906F-32984538E57C}
	EndGlobalSection
	GlobalSection(ExtensibilityGlobals) = postSolution
		SolutionGuid = {BCA00D25-9E3C-482D-8D6C-5A93A12A7232}
	EndGlobalSection
EndGlobal
