
Microsoft Visual Studio Solution File, Format Version 12.00
# Visual Studio Version 17
VisualStudioVersion = 17.3.32825.248
MinimumVisualStudioVersion = 10.0.40219.1
Project("{9A19103F-16F7-4668-BE54-9A1E7A4F7556}") = "NotepadBasedCalculator.WebService", "webservice\NotepadBasedCalculator.WebService\NotepadBasedCalculator.WebService.csproj", "{D7EA44F4-A081-41F8-8837-2C41950885CF}"
EndProject
Project("{D954291E-2A0B-460D-934E-DC6B0785DB48}") = "NotepadBasedCalculator.Shared", "shared\NotepadBasedCalculator.Shared\NotepadBasedCalculator.Shared.shproj", "{8CF4A1C5-9D0E-47EB-8434-17B50331EC0B}"
EndProject
Global
	GlobalSection(SolutionConfigurationPlatforms) = preSolution
		Debug|Any CPU = Debug|Any CPU
		Release|Any CPU = Release|Any CPU
	EndGlobalSection
	GlobalSection(ProjectConfigurationPlatforms) = postSolution
		{D7EA44F4-A081-41F8-8837-2C41950885CF}.Debug|Any CPU.ActiveCfg = Debug|Any CPU
		{D7EA44F4-A081-41F8-8837-2C41950885CF}.Debug|Any CPU.Build.0 = Debug|Any CPU
		{D7EA44F4-A081-41F8-8837-2C41950885CF}.Release|Any CPU.ActiveCfg = Release|Any CPU
		{D7EA44F4-A081-41F8-8837-2C41950885CF}.Release|Any CPU.Build.0 = Release|Any CPU
	EndGlobalSection
	GlobalSection(SolutionProperties) = preSolution
		HideSolutionNode = FALSE
	EndGlobalSection
	GlobalSection(ExtensibilityGlobals) = postSolution
		SolutionGuid = {0131553C-6793-4CF5-895E-42BD1B372A13}
	EndGlobalSection
	GlobalSection(SharedMSBuildProjectFiles) = preSolution
		shared\NotepadBasedCalculator.Shared\NotepadBasedCalculator.Shared.projitems*{8cf4a1c5-9d0e-47eb-8434-17b50331ec0b}*SharedItemsImports = 13
		shared\NotepadBasedCalculator.Shared\NotepadBasedCalculator.Shared.projitems*{d7ea44f4-a081-41f8-8837-2c41950885cf}*SharedItemsImports = 5
	EndGlobalSection
EndGlobal
